{
  "nodes": {
    "home-manager": {
      "inputs": {
        "nixpkgs": [
          "nixpkgs"
        ]
      },
      "locked": {
        "lastModified": 1737704314,
        "narHash": "sha256-zta8jvOQ2wRCZmiwFEnS5iCulWAh8e+fLUlQxrgOBjM=",
        "owner": "nix-community",
        "repo": "home-manager",
        "rev": "a0428685572b134f6594e7d7f5db5e1febbab2d7",
        "type": "github"
      },
      "original": {
        "owner": "nix-community",
        "repo": "home-manager",
        "type": "github"
      }
    },
    "nixos-hardware": {
      "locked": {
        "lastModified": 1737751639,
        "narHash": "sha256-ZEbOJ9iT72iwqXsiEMbEa8wWjyFvRA9Ugx8utmYbpz4=",
        "owner": "NixOS",
        "repo": "nixos-hardware",
        "rev": "dfad538f751a5aa5d4436d9781ab27a6128ec9d4",
        "type": "github"
      },
      "original": {
        "owner": "NixOS",
        "ref": "master",
        "repo": "nixos-hardware",
        "type": "github"
      }
    },
    "nixpkgs": {
      "locked": {
        "lastModified": 1737672001,
        "narHash": "sha256-YnHJJ19wqmibLQdUeq9xzE6CjrMA568KN/lFPuSVs4I=",
        "owner": "nixos",
        "repo": "nixpkgs",
        "rev": "035f8c0853c2977b24ffc4d0a42c74f00b182cd8",
        "type": "github"
      },
      "original": {
        "owner": "nixos",
        "ref": "nixos-24.11",
        "repo": "nixpkgs",
        "type": "github"
      }
    },
    "nixpkgs-unstable": {
      "locked": {
        "lastModified": 1737632463,
        "narHash": "sha256-38J9QfeGSej341ouwzqf77WIHAScihAKCt8PQJ+NH28=",
        "owner": "nixos",
        "repo": "nixpkgs",
        "rev": "0aa475546ed21629c4f5bbf90e38c846a99ec9e9",
        "type": "github"
      },
      "original": {
        "owner": "nixos",
        "ref": "nixos-unstable",
        "repo": "nixpkgs",
        "type": "github"
      }
    },
    "nixpkgs_2": {
      "locked": {
        "lastModified": 1728492678,
        "narHash": "sha256-9UTxR8eukdg+XZeHgxW5hQA9fIKHsKCdOIUycTryeVw=",
        "owner": "nixos",
        "repo": "nixpkgs",
        "rev": "5633bcff0c6162b9e4b5f1264264611e950c8ec7",
        "type": "github"
      },
      "original": {
        "owner": "nixos",
        "ref": "nixos-unstable",
        "repo": "nixpkgs",
        "type": "github"
      }
    },
    "nur": {
      "locked": {
        "lastModified": 1729125404,
        "narHash": "sha256-2ZtXYNBPi9Ejeb2Heqh+yFTBcstapvtna8Vyl/ugb7w=",
        "owner": "nix-community",
        "repo": "NUR",
        "rev": "7aafd5f0d772efbd2e611c132cc290c3508fe049",
        "type": "github"
      },
      "original": {
        "owner": "nix-community",
        "repo": "NUR",
        "type": "github"
      }
    },
    "root": {
      "inputs": {
        "home-manager": "home-manager",
        "nixos-hardware": "nixos-hardware",
        "nixpkgs": "nixpkgs",
        "nixpkgs-unstable": "nixpkgs-unstable",
        "textfox": "textfox"
      }
    },
    "textfox": {
      "inputs": {
        "nixpkgs": "nixpkgs_2",
        "nur": "nur"
      },
      "locked": {
        "lastModified": 1737188476,
        "narHash": "sha256-RlLkkg/qKx3hwx2ftUdPzKwOm56a0uZFqaFNtAkl+lM=",
        "owner": "adriankarlen",
        "repo": "textfox",
        "rev": "1fca41fb9352a1e36de9a16e8d843fccac2fe89f",
        "type": "github"
      },
      "original": {
        "owner": "adriankarlen",
        "repo": "textfox",
        "type": "github"
      }
    }
  },
  "root": "root",
  "version": 7
}
